
Microsoft Visual Studio Solution File, Format Version 12.00
# Visual Studio Version 17
VisualStudioVersion = 17.2.32616.157
MinimumVisualStudioVersion = 10.0.40219.1
Project("{FAE04EC0-301F-11D3-BF4B-00C04F79EFBC}") = "Demonio", "Demonio\Demonio.csproj", "{D10B1882-223D-4A61-BFC7-0D55F2A322FE}"
	ProjectSection(ProjectDependencies) = postProject
		{66384F06-7426-4DE9-B059-2AFE6A3435C2} = {66384F06-7426-4DE9-B059-2AFE6A3435C2}
	EndProjectSection
EndProject
Project("{FAE04EC0-301F-11D3-BF4B-00C04F79EFBC}") = "Entidades", "Entidades\Entidades.csproj", "{DFAFBC8F-AECC-414B-A161-82807690DF2B}"
EndProject
Project("{FAE04EC0-301F-11D3-BF4B-00C04F79EFBC}") = "ServicioWeb", "ServicioWeb\ServicioWeb.csproj", "{66384F06-7426-4DE9-B059-2AFE6A3435C2}"
EndProject
Global
	GlobalSection(SolutionConfigurationPlatforms) = preSolution
		Debug|Any CPU = Debug|Any CPU
		Release|Any CPU = Release|Any CPU
	EndGlobalSection
	GlobalSection(ProjectConfigurationPlatforms) = postSolution
		{D10B1882-223D-4A61-BFC7-0D55F2A322FE}.Debug|Any CPU.ActiveCfg = Debug|Any CPU
		{D10B1882-223D-4A61-BFC7-0D55F2A322FE}.Debug|Any CPU.Build.0 = Debug|Any CPU
		{D10B1882-223D-4A61-BFC7-0D55F2A322FE}.Release|Any CPU.ActiveCfg = Release|Any CPU
		{D10B1882-223D-4A61-BFC7-0D55F2A322FE}.Release|Any CPU.Build.0 = Release|Any CPU
		{DFAFBC8F-AECC-414B-A161-82807690DF2B}.Debug|Any CPU.ActiveCfg = Debug|Any CPU
		{DFAFBC8F-AECC-414B-A161-82807690DF2B}.Debug|Any CPU.Build.0 = Debug|Any CPU
		{DFAFBC8F-AECC-414B-A161-82807690DF2B}.Release|Any CPU.ActiveCfg = Release|Any CPU
		{DFAFBC8F-AECC-414B-A161-82807690DF2B}.Release|Any CPU.Build.0 = Release|Any CPU
		{66384F06-7426-4DE9-B059-2AFE6A3435C2}.Debug|Any CPU.ActiveCfg = Debug|Any CPU
		{66384F06-7426-4DE9-B059-2AFE6A3435C2}.Debug|Any CPU.Build.0 = Debug|Any CPU
		{66384F06-7426-4DE9-B059-2AFE6A3435C2}.Release|Any CPU.ActiveCfg = Release|Any CPU
		{66384F06-7426-4DE9-B059-2AFE6A3435C2}.Release|Any CPU.Build.0 = Release|Any CPU
	EndGlobalSection
	GlobalSection(SolutionProperties) = preSolution
		HideSolutionNode = FALSE
	EndGlobalSection
	GlobalSection(ExtensibilityGlobals) = postSolution
		SolutionGuid = {285E71F1-CB30-48C0-8F17-E2D47B742E60}
	EndGlobalSection
EndGlobal
